
Microsoft Visual Studio Solution File, Format Version 12.00
# Visual Studio 15
VisualStudioVersion = 15.0.28307.106
MinimumVisualStudioVersion = 10.0.40219.1
Project("{FAE04EC0-301F-11D3-BF4B-00C04F79EFBC}") = "Globomantics", "Globomantics\Globomantics.csproj", "{598352B4-798B-4395-8588-53C513B741F2}"
EndProject
Project("{FAE04EC0-301F-11D3-BF4B-00C04F79EFBC}") = "Shared", "Shared\Shared.csproj", "{88B113E8-A9C8-4094-A87E-E13B93728430}"
EndProject
Global
	GlobalSection(SolutionConfigurationPlatforms) = preSolution
		Debug|Any CPU = Debug|Any CPU
		Release|Any CPU = Release|Any CPU
	EndGlobalSection
	GlobalSection(ProjectConfigurationPlatforms) = postSolution
		{598352B4-798B-4395-8588-53C513B741F2}.Debug|Any CPU.ActiveCfg = Debug|Any CPU
		{598352B4-798B-4395-8588-53C513B741F2}.Debug|Any CPU.Build.0 = Debug|Any CPU
		{598352B4-798B-4395-8588-53C513B741F2}.Release|Any CPU.ActiveCfg = Release|Any CPU
		{598352B4-798B-4395-8588-53C513B741F2}.Release|Any CPU.Build.0 = Release|Any CPU
		{88B113E8-A9C8-4094-A87E-E13B93728430}.Debug|Any CPU.ActiveCfg = Debug|Any CPU
		{88B113E8-A9C8-4094-A87E-E13B93728430}.Debug|Any CPU.Build.0 = Debug|Any CPU
		{88B113E8-A9C8-4094-A87E-E13B93728430}.Release|Any CPU.ActiveCfg = Release|Any CPU
		{88B113E8-A9C8-4094-A87E-E13B93728430}.Release|Any CPU.Build.0 = Release|Any CPU
	EndGlobalSection
	GlobalSection(SolutionProperties) = preSolution
		HideSolutionNode = FALSE
	EndGlobalSection
	GlobalSection(ExtensibilityGlobals) = postSolution
		SolutionGuid = {E94F99C3-CF50-4342-9D26-C1534F0A545F}
	EndGlobalSection
EndGlobal
